
Microsoft Visual Studio Solution File, Format Version 12.00
# Visual Studio Version 17
VisualStudioVersion = 17.7.34031.279
MinimumVisualStudioVersion = 10.0.40219.1
Project("{9092AA53-FB77-4645-B42D-1CCCA6BD08BD}") = "Prog les 1", "Prog les 1\Prog les 1.njsproj", "{F786B5CF-EF6C-4232-8B31-4E72CDC4AB77}"
EndProject
Global
	GlobalSection(SolutionConfigurationPlatforms) = preSolution
		Debug|Any CPU = Debug|Any CPU
		Release|Any CPU = Release|Any CPU
	EndGlobalSection
	GlobalSection(ProjectConfigurationPlatforms) = postSolution
		{F786B5CF-EF6C-4232-8B31-4E72CDC4AB77}.Debug|Any CPU.ActiveCfg = Debug|Any CPU
		{F786B5CF-EF6C-4232-8B31-4E72CDC4AB77}.Debug|Any CPU.Build.0 = Debug|Any CPU
		{F786B5CF-EF6C-4232-8B31-4E72CDC4AB77}.Release|Any CPU.ActiveCfg = Release|Any CPU
		{F786B5CF-EF6C-4232-8B31-4E72CDC4AB77}.Release|Any CPU.Build.0 = Release|Any CPU
	EndGlobalSection
	GlobalSection(SolutionProperties) = preSolution
		HideSolutionNode = FALSE
	EndGlobalSection
	GlobalSection(ExtensibilityGlobals) = postSolution
		SolutionGuid = {E4418375-F55C-43B7-9BCC-DCF9F130E0A6}
	EndGlobalSection
EndGlobal
