
Microsoft Visual Studio Solution File, Format Version 12.00
# Visual Studio Version 17
VisualStudioVersion = 17.7.34024.191
MinimumVisualStudioVersion = 10.0.40219.1
Project("{9092AA53-FB77-4645-B42D-1CCCA6BD08BD}") = "Prog les 4", "Prog les 4\Prog les 4.njsproj", "{7D47A022-332C-4DA1-A481-D1A78BCAAE47}"
EndProject
Global
	GlobalSection(SolutionConfigurationPlatforms) = preSolution
		Debug|Any CPU = Debug|Any CPU
		Release|Any CPU = Release|Any CPU
	EndGlobalSection
	GlobalSection(ProjectConfigurationPlatforms) = postSolution
		{7D47A022-332C-4DA1-A481-D1A78BCAAE47}.Debug|Any CPU.ActiveCfg = Debug|Any CPU
		{7D47A022-332C-4DA1-A481-D1A78BCAAE47}.Debug|Any CPU.Build.0 = Debug|Any CPU
		{7D47A022-332C-4DA1-A481-D1A78BCAAE47}.Release|Any CPU.ActiveCfg = Release|Any CPU
		{7D47A022-332C-4DA1-A481-D1A78BCAAE47}.Release|Any CPU.Build.0 = Release|Any CPU
	EndGlobalSection
	GlobalSection(SolutionProperties) = preSolution
		HideSolutionNode = FALSE
	EndGlobalSection
	GlobalSection(ExtensibilityGlobals) = postSolution
		SolutionGuid = {DADD564F-A4FC-4026-9D11-7C9106AC2995}
	EndGlobalSection
EndGlobal
