
Microsoft Visual Studio Solution File, Format Version 12.00
# Visual Studio Version 17
VisualStudioVersion = 17.7.34031.279
MinimumVisualStudioVersion = 10.0.40219.1
Project("{9092AA53-FB77-4645-B42D-1CCCA6BD08BD}") = "Prog les 3", "Prog les 3\Prog les 3.njsproj", "{AC6BB13E-E786-42E8-8C04-0EF315C2941F}"
EndProject
Global
	GlobalSection(SolutionConfigurationPlatforms) = preSolution
		Debug|Any CPU = Debug|Any CPU
		Release|Any CPU = Release|Any CPU
	EndGlobalSection
	GlobalSection(ProjectConfigurationPlatforms) = postSolution
		{AC6BB13E-E786-42E8-8C04-0EF315C2941F}.Debug|Any CPU.ActiveCfg = Debug|Any CPU
		{AC6BB13E-E786-42E8-8C04-0EF315C2941F}.Debug|Any CPU.Build.0 = Debug|Any CPU
		{AC6BB13E-E786-42E8-8C04-0EF315C2941F}.Release|Any CPU.ActiveCfg = Release|Any CPU
		{AC6BB13E-E786-42E8-8C04-0EF315C2941F}.Release|Any CPU.Build.0 = Release|Any CPU
	EndGlobalSection
	GlobalSection(SolutionProperties) = preSolution
		HideSolutionNode = FALSE
	EndGlobalSection
	GlobalSection(ExtensibilityGlobals) = postSolution
		SolutionGuid = {56660A37-CD5C-4878-9691-5B577113B2E6}
	EndGlobalSection
EndGlobal
